
Microsoft Visual Studio Solution File, Format Version 12.00
# Visual Studio Version 17
VisualStudioVersion = 17.1.32104.313
MinimumVisualStudioVersion = 10.0.40219.1
Project("{9A19103F-16F7-4668-BE54-9A1E7A4F7556}") = "WinForms HW 1", "WinForms HW 1\WinForms HW 1.csproj", "{12B6578A-F581-49E8-A36C-C2567156B155}"
EndProject
Project("{9A19103F-16F7-4668-BE54-9A1E7A4F7556}") = "WinForms HW 1 TimeZones", "WinForms HW 1 TimeZones\WinForms HW 1 TimeZones.csproj", "{8C4BAB7E-7928-44E9-B12A-465D1D0A3440}"
EndProject
Project("{FAE04EC0-301F-11D3-BF4B-00C04F79EFBC}") = "PlaceLabel", "PlaceLabel\PlaceLabel.csproj", "{F4C44F3A-2A9D-4ACD-982B-56F51D0989AA}"
EndProject
Global
	GlobalSection(SolutionConfigurationPlatforms) = preSolution
		Debug|Any CPU = Debug|Any CPU
		Release|Any CPU = Release|Any CPU
	EndGlobalSection
	GlobalSection(ProjectConfigurationPlatforms) = postSolution
		{12B6578A-F581-49E8-A36C-C2567156B155}.Debug|Any CPU.ActiveCfg = Debug|Any CPU
		{12B6578A-F581-49E8-A36C-C2567156B155}.Debug|Any CPU.Build.0 = Debug|Any CPU
		{12B6578A-F581-49E8-A36C-C2567156B155}.Release|Any CPU.ActiveCfg = Release|Any CPU
		{12B6578A-F581-49E8-A36C-C2567156B155}.Release|Any CPU.Build.0 = Release|Any CPU
		{8C4BAB7E-7928-44E9-B12A-465D1D0A3440}.Debug|Any CPU.ActiveCfg = Debug|Any CPU
		{8C4BAB7E-7928-44E9-B12A-465D1D0A3440}.Debug|Any CPU.Build.0 = Debug|Any CPU
		{8C4BAB7E-7928-44E9-B12A-465D1D0A3440}.Release|Any CPU.ActiveCfg = Release|Any CPU
		{8C4BAB7E-7928-44E9-B12A-465D1D0A3440}.Release|Any CPU.Build.0 = Release|Any CPU
		{F4C44F3A-2A9D-4ACD-982B-56F51D0989AA}.Debug|Any CPU.ActiveCfg = Debug|Any CPU
		{F4C44F3A-2A9D-4ACD-982B-56F51D0989AA}.Debug|Any CPU.Build.0 = Debug|Any CPU
		{F4C44F3A-2A9D-4ACD-982B-56F51D0989AA}.Release|Any CPU.ActiveCfg = Release|Any CPU
		{F4C44F3A-2A9D-4ACD-982B-56F51D0989AA}.Release|Any CPU.Build.0 = Release|Any CPU
	EndGlobalSection
	GlobalSection(SolutionProperties) = preSolution
		HideSolutionNode = FALSE
	EndGlobalSection
	GlobalSection(ExtensibilityGlobals) = postSolution
		SolutionGuid = {596EEA99-9C67-41EF-B92C-86B1CB60F20B}
	EndGlobalSection
EndGlobal
